
Microsoft Visual Studio Solution File, Format Version 12.00
# Visual Studio Version 16
VisualStudioVersion = 16.0.29613.14
MinimumVisualStudioVersion = 10.0.40219.1
Project("{FAE04EC0-301F-11D3-BF4B-00C04F79EFBC}") = "Soccer2020.Common", "Soccer2020.Common\Soccer2020.Common.csproj", "{0930A4F4-4445-4A72-BF2C-C706B086F273}"
EndProject
Project("{FAE04EC0-301F-11D3-BF4B-00C04F79EFBC}") = "Soccer2020.Web", "Soccer2020.Web\Soccer2020.Web.csproj", "{31374E07-5517-4BE0-88DE-82DF35AEB2DB}"
EndProject
Project("{FAE04EC0-301F-11D3-BF4B-00C04F79EFBC}") = "Soccer2020.Prism", "Soccer2020.Prism\Soccer2020.Prism\Soccer2020.Prism.csproj", "{D94885D7-E473-417C-9733-13EDFA91E805}"
EndProject
Project("{FAE04EC0-301F-11D3-BF4B-00C04F79EFBC}") = "Soccer2020.Prism.Android", "Soccer2020.Prism\Soccer2020.Prism.Android\Soccer2020.Prism.Android.csproj", "{3CF508A9-06CA-4A03-91E9-4BE39F35D030}"
EndProject
Project("{FAE04EC0-301F-11D3-BF4B-00C04F79EFBC}") = "Soccer2020.Prism.iOS", "Soccer2020.Prism\Soccer2020.Prism.iOS\Soccer2020.Prism.iOS.csproj", "{44E9AC3E-1F73-43A0-ACC3-B9B81134F62E}"
EndProject
Project("{FAE04EC0-301F-11D3-BF4B-00C04F79EFBC}") = "Soccer2020.Cross.Android", "Soccer2020.Cross.Android\Soccer2020.Cross.Android.csproj", "{4C4ACD45-7721-478B-AB7D-021BF2A07950}"
EndProject
Project("{FAE04EC0-301F-11D3-BF4B-00C04F79EFBC}") = "Soccer2020.Cross.iOS", "Soccer2020.Cross.iOS\Soccer2020.Cross.iOS.csproj", "{FEFC75E3-8891-4594-8970-0DD4E76C1331}"
EndProject
Global
	GlobalSection(SolutionConfigurationPlatforms) = preSolution
		Ad-Hoc|Any CPU = Ad-Hoc|Any CPU
		Ad-Hoc|iPhone = Ad-Hoc|iPhone
		Ad-Hoc|iPhoneSimulator = Ad-Hoc|iPhoneSimulator
		AppStore|Any CPU = AppStore|Any CPU
		AppStore|iPhone = AppStore|iPhone
		AppStore|iPhoneSimulator = AppStore|iPhoneSimulator
		Debug|Any CPU = Debug|Any CPU
		Debug|iPhone = Debug|iPhone
		Debug|iPhoneSimulator = Debug|iPhoneSimulator
		Release|Any CPU = Release|Any CPU
		Release|iPhone = Release|iPhone
		Release|iPhoneSimulator = Release|iPhoneSimulator
	EndGlobalSection
	GlobalSection(ProjectConfigurationPlatforms) = postSolution
		{0930A4F4-4445-4A72-BF2C-C706B086F273}.Ad-Hoc|Any CPU.ActiveCfg = Debug|Any CPU
		{0930A4F4-4445-4A72-BF2C-C706B086F273}.Ad-Hoc|Any CPU.Build.0 = Debug|Any CPU
		{0930A4F4-4445-4A72-BF2C-C706B086F273}.Ad-Hoc|iPhone.ActiveCfg = Debug|Any CPU
		{0930A4F4-4445-4A72-BF2C-C706B086F273}.Ad-Hoc|iPhone.Build.0 = Debug|Any CPU
		{0930A4F4-4445-4A72-BF2C-C706B086F273}.Ad-Hoc|iPhoneSimulator.ActiveCfg = Debug|Any CPU
		{0930A4F4-4445-4A72-BF2C-C706B086F273}.Ad-Hoc|iPhoneSimulator.Build.0 = Debug|Any CPU
		{0930A4F4-4445-4A72-BF2C-C706B086F273}.AppStore|Any CPU.ActiveCfg = Debug|Any CPU
		{0930A4F4-4445-4A72-BF2C-C706B086F273}.AppStore|Any CPU.Build.0 = Debug|Any CPU
		{0930A4F4-4445-4A72-BF2C-C706B086F273}.AppStore|iPhone.ActiveCfg = Debug|Any CPU
		{0930A4F4-4445-4A72-BF2C-C706B086F273}.AppStore|iPhone.Build.0 = Debug|Any CPU
		{0930A4F4-4445-4A72-BF2C-C706B086F273}.AppStore|iPhoneSimulator.ActiveCfg = Debug|Any CPU
		{0930A4F4-4445-4A72-BF2C-C706B086F273}.AppStore|iPhoneSimulator.Build.0 = Debug|Any CPU
		{0930A4F4-4445-4A72-BF2C-C706B086F273}.Debug|Any CPU.ActiveCfg = Debug|Any CPU
		{0930A4F4-4445-4A72-BF2C-C706B086F273}.Debug|Any CPU.Build.0 = Debug|Any CPU
		{0930A4F4-4445-4A72-BF2C-C706B086F273}.Debug|iPhone.ActiveCfg = Debug|Any CPU
		{0930A4F4-4445-4A72-BF2C-C706B086F273}.Debug|iPhone.Build.0 = Debug|Any CPU
		{0930A4F4-4445-4A72-BF2C-C706B086F273}.Debug|iPhoneSimulator.ActiveCfg = Debug|Any CPU
		{0930A4F4-4445-4A72-BF2C-C706B086F273}.Debug|iPhoneSimulator.Build.0 = Debug|Any CPU
		{0930A4F4-4445-4A72-BF2C-C706B086F273}.Release|Any CPU.ActiveCfg = Release|Any CPU
		{0930A4F4-4445-4A72-BF2C-C706B086F273}.Release|Any CPU.Build.0 = Release|Any CPU
		{0930A4F4-4445-4A72-BF2C-C706B086F273}.Release|iPhone.ActiveCfg = Release|Any CPU
		{0930A4F4-4445-4A72-BF2C-C706B086F273}.Release|iPhone.Build.0 = Release|Any CPU
		{0930A4F4-4445-4A72-BF2C-C706B086F273}.Release|iPhoneSimulator.ActiveCfg = Release|Any CPU
		{0930A4F4-4445-4A72-BF2C-C706B086F273}.Release|iPhoneSimulator.Build.0 = Release|Any CPU
		{31374E07-5517-4BE0-88DE-82DF35AEB2DB}.Ad-Hoc|Any CPU.ActiveCfg = Debug|Any CPU
		{31374E07-5517-4BE0-88DE-82DF35AEB2DB}.Ad-Hoc|Any CPU.Build.0 = Debug|Any CPU
		{31374E07-5517-4BE0-88DE-82DF35AEB2DB}.Ad-Hoc|iPhone.ActiveCfg = Debug|Any CPU
		{31374E07-5517-4BE0-88DE-82DF35AEB2DB}.Ad-Hoc|iPhone.Build.0 = Debug|Any CPU
		{31374E07-5517-4BE0-88DE-82DF35AEB2DB}.Ad-Hoc|iPhoneSimulator.ActiveCfg = Debug|Any CPU
		{31374E07-5517-4BE0-88DE-82DF35AEB2DB}.Ad-Hoc|iPhoneSimulator.Build.0 = Debug|Any CPU
		{31374E07-5517-4BE0-88DE-82DF35AEB2DB}.AppStore|Any CPU.ActiveCfg = Debug|Any CPU
		{31374E07-5517-4BE0-88DE-82DF35AEB2DB}.AppStore|Any CPU.Build.0 = Debug|Any CPU
		{31374E07-5517-4BE0-88DE-82DF35AEB2DB}.AppStore|iPhone.ActiveCfg = Debug|Any CPU
		{31374E07-5517-4BE0-88DE-82DF35AEB2DB}.AppStore|iPhone.Build.0 = Debug|Any CPU
		{31374E07-5517-4BE0-88DE-82DF35AEB2DB}.AppStore|iPhoneSimulator.ActiveCfg = Debug|Any CPU
		{31374E07-5517-4BE0-88DE-82DF35AEB2DB}.AppStore|iPhoneSimulator.Build.0 = Debug|Any CPU
		{31374E07-5517-4BE0-88DE-82DF35AEB2DB}.Debug|Any CPU.ActiveCfg = Debug|Any CPU
		{31374E07-5517-4BE0-88DE-82DF35AEB2DB}.Debug|Any CPU.Build.0 = Debug|Any CPU
		{31374E07-5517-4BE0-88DE-82DF35AEB2DB}.Debug|iPhone.ActiveCfg = Debug|Any CPU
		{31374E07-5517-4BE0-88DE-82DF35AEB2DB}.Debug|iPhone.Build.0 = Debug|Any CPU
		{31374E07-5517-4BE0-88DE-82DF35AEB2DB}.Debug|iPhoneSimulator.ActiveCfg = Debug|Any CPU
		{31374E07-5517-4BE0-88DE-82DF35AEB2DB}.Debug|iPhoneSimulator.Build.0 = Debug|Any CPU
		{31374E07-5517-4BE0-88DE-82DF35AEB2DB}.Release|Any CPU.ActiveCfg = Release|Any CPU
		{31374E07-5517-4BE0-88DE-82DF35AEB2DB}.Release|Any CPU.Build.0 = Release|Any CPU
		{31374E07-5517-4BE0-88DE-82DF35AEB2DB}.Release|iPhone.ActiveCfg = Release|Any CPU
		{31374E07-5517-4BE0-88DE-82DF35AEB2DB}.Release|iPhone.Build.0 = Release|Any CPU
		{31374E07-5517-4BE0-88DE-82DF35AEB2DB}.Release|iPhoneSimulator.ActiveCfg = Release|Any CPU
		{31374E07-5517-4BE0-88DE-82DF35AEB2DB}.Release|iPhoneSimulator.Build.0 = Release|Any CPU
		{D94885D7-E473-417C-9733-13EDFA91E805}.Ad-Hoc|Any CPU.ActiveCfg = Debug|Any CPU
		{D94885D7-E473-417C-9733-13EDFA91E805}.Ad-Hoc|Any CPU.Build.0 = Debug|Any CPU
		{D94885D7-E473-417C-9733-13EDFA91E805}.Ad-Hoc|iPhone.ActiveCfg = Debug|Any CPU
		{D94885D7-E473-417C-9733-13EDFA91E805}.Ad-Hoc|iPhone.Build.0 = Debug|Any CPU
		{D94885D7-E473-417C-9733-13EDFA91E805}.Ad-Hoc|iPhoneSimulator.ActiveCfg = Debug|Any CPU
		{D94885D7-E473-417C-9733-13EDFA91E805}.Ad-Hoc|iPhoneSimulator.Build.0 = Debug|Any CPU
		{D94885D7-E473-417C-9733-13EDFA91E805}.AppStore|Any CPU.ActiveCfg = Debug|Any CPU
		{D94885D7-E473-417C-9733-13EDFA91E805}.AppStore|Any CPU.Build.0 = Debug|Any CPU
		{D94885D7-E473-417C-9733-13EDFA91E805}.AppStore|iPhone.ActiveCfg = Debug|Any CPU
		{D94885D7-E473-417C-9733-13EDFA91E805}.AppStore|iPhone.Build.0 = Debug|Any CPU
		{D94885D7-E473-417C-9733-13EDFA91E805}.AppStore|iPhoneSimulator.ActiveCfg = Debug|Any CPU
		{D94885D7-E473-417C-9733-13EDFA91E805}.AppStore|iPhoneSimulator.Build.0 = Debug|Any CPU
		{D94885D7-E473-417C-9733-13EDFA91E805}.Debug|Any CPU.ActiveCfg = Debug|Any CPU
		{D94885D7-E473-417C-9733-13EDFA91E805}.Debug|Any CPU.Build.0 = Debug|Any CPU
		{D94885D7-E473-417C-9733-13EDFA91E805}.Debug|iPhone.ActiveCfg = Debug|Any CPU
		{D94885D7-E473-417C-9733-13EDFA91E805}.Debug|iPhone.Build.0 = Debug|Any CPU
		{D94885D7-E473-417C-9733-13EDFA91E805}.Debug|iPhoneSimulator.ActiveCfg = Debug|Any CPU
		{D94885D7-E473-417C-9733-13EDFA91E805}.Debug|iPhoneSimulator.Build.0 = Debug|Any CPU
		{D94885D7-E473-417C-9733-13EDFA91E805}.Release|Any CPU.ActiveCfg = Release|Any CPU
		{D94885D7-E473-417C-9733-13EDFA91E805}.Release|Any CPU.Build.0 = Release|Any CPU
		{D94885D7-E473-417C-9733-13EDFA91E805}.Release|iPhone.ActiveCfg = Release|Any CPU
		{D94885D7-E473-417C-9733-13EDFA91E805}.Release|iPhone.Build.0 = Release|Any CPU
		{D94885D7-E473-417C-9733-13EDFA91E805}.Release|iPhoneSimulator.ActiveCfg = Release|Any CPU
		{D94885D7-E473-417C-9733-13EDFA91E805}.Release|iPhoneSimulator.Build.0 = Release|Any CPU
		{3CF508A9-06CA-4A03-91E9-4BE39F35D030}.Ad-Hoc|Any CPU.ActiveCfg = Release|Any CPU
		{3CF508A9-06CA-4A03-91E9-4BE39F35D030}.Ad-Hoc|Any CPU.Build.0 = Release|Any CPU
		{3CF508A9-06CA-4A03-91E9-4BE39F35D030}.Ad-Hoc|Any CPU.Deploy.0 = Release|Any CPU
		{3CF508A9-06CA-4A03-91E9-4BE39F35D030}.Ad-Hoc|iPhone.ActiveCfg = Release|Any CPU
		{3CF508A9-06CA-4A03-91E9-4BE39F35D030}.Ad-Hoc|iPhone.Build.0 = Release|Any CPU
		{3CF508A9-06CA-4A03-91E9-4BE39F35D030}.Ad-Hoc|iPhone.Deploy.0 = Release|Any CPU
		{3CF508A9-06CA-4A03-91E9-4BE39F35D030}.Ad-Hoc|iPhoneSimulator.ActiveCfg = Release|Any CPU
		{3CF508A9-06CA-4A03-91E9-4BE39F35D030}.Ad-Hoc|iPhoneSimulator.Build.0 = Release|Any CPU
		{3CF508A9-06CA-4A03-91E9-4BE39F35D030}.Ad-Hoc|iPhoneSimulator.Deploy.0 = Release|Any CPU
		{3CF508A9-06CA-4A03-91E9-4BE39F35D030}.AppStore|Any CPU.ActiveCfg = Release|Any CPU
		{3CF508A9-06CA-4A03-91E9-4BE39F35D030}.AppStore|Any CPU.Build.0 = Release|Any CPU
		{3CF508A9-06CA-4A03-91E9-4BE39F35D030}.AppStore|Any CPU.Deploy.0 = Release|Any CPU
		{3CF508A9-06CA-4A03-91E9-4BE39F35D030}.AppStore|iPhone.ActiveCfg = Release|Any CPU
		{3CF508A9-06CA-4A03-91E9-4BE39F35D030}.AppStore|iPhone.Build.0 = Release|Any CPU
		{3CF508A9-06CA-4A03-91E9-4BE39F35D030}.AppStore|iPhone.Deploy.0 = Release|Any CPU
		{3CF508A9-06CA-4A03-91E9-4BE39F35D030}.AppStore|iPhoneSimulator.ActiveCfg = Release|Any CPU
		{3CF508A9-06CA-4A03-91E9-4BE39F35D030}.AppStore|iPhoneSimulator.Build.0 = Release|Any CPU
		{3CF508A9-06CA-4A03-91E9-4BE39F35D030}.AppStore|iPhoneSimulator.Deploy.0 = Release|Any CPU
		{3CF508A9-06CA-4A03-91E9-4BE39F35D030}.Debug|Any CPU.ActiveCfg = Debug|Any CPU
		{3CF508A9-06CA-4A03-91E9-4BE39F35D030}.Debug|Any CPU.Build.0 = Debug|Any CPU
		{3CF508A9-06CA-4A03-91E9-4BE39F35D030}.Debug|Any CPU.Deploy.0 = Debug|Any CPU
		{3CF508A9-06CA-4A03-91E9-4BE39F35D030}.Debug|iPhone.ActiveCfg = Debug|Any CPU
		{3CF508A9-06CA-4A03-91E9-4BE39F35D030}.Debug|iPhone.Build.0 = Debug|Any CPU
		{3CF508A9-06CA-4A03-91E9-4BE39F35D030}.Debug|iPhone.Deploy.0 = Debug|Any CPU
		{3CF508A9-06CA-4A03-91E9-4BE39F35D030}.Debug|iPhoneSimulator.ActiveCfg = Debug|Any CPU
		{3CF508A9-06CA-4A03-91E9-4BE39F35D030}.Debug|iPhoneSimulator.Build.0 = Debug|Any CPU
		{3CF508A9-06CA-4A03-91E9-4BE39F35D030}.Debug|iPhoneSimulator.Deploy.0 = Debug|Any CPU
		{3CF508A9-06CA-4A03-91E9-4BE39F35D030}.Release|Any CPU.ActiveCfg = Release|Any CPU
		{3CF508A9-06CA-4A03-91E9-4BE39F35D030}.Release|Any CPU.Build.0 = Release|Any CPU
		{3CF508A9-06CA-4A03-91E9-4BE39F35D030}.Release|Any CPU.Deploy.0 = Release|Any CPU
		{3CF508A9-06CA-4A03-91E9-4BE39F35D030}.Release|iPhone.ActiveCfg = Release|Any CPU
		{3CF508A9-06CA-4A03-91E9-4BE39F35D030}.Release|iPhone.Build.0 = Release|Any CPU
		{3CF508A9-06CA-4A03-91E9-4BE39F35D030}.Release|iPhone.Deploy.0 = Release|Any CPU
		{3CF508A9-06CA-4A03-91E9-4BE39F35D030}.Release|iPhoneSimulator.ActiveCfg = Release|Any CPU
		{3CF508A9-06CA-4A03-91E9-4BE39F35D030}.Release|iPhoneSimulator.Build.0 = Release|Any CPU
		{3CF508A9-06CA-4A03-91E9-4BE39F35D030}.Release|iPhoneSimulator.Deploy.0 = Release|Any CPU
		{44E9AC3E-1F73-43A0-ACC3-B9B81134F62E}.Ad-Hoc|Any CPU.ActiveCfg = Ad-Hoc|iPhone
		{44E9AC3E-1F73-43A0-ACC3-B9B81134F62E}.Ad-Hoc|iPhone.ActiveCfg = Ad-Hoc|iPhone
		{44E9AC3E-1F73-43A0-ACC3-B9B81134F62E}.Ad-Hoc|iPhone.Build.0 = Ad-Hoc|iPhone
		{44E9AC3E-1F73-43A0-ACC3-B9B81134F62E}.Ad-Hoc|iPhoneSimulator.ActiveCfg = Ad-Hoc|iPhoneSimulator
		{44E9AC3E-1F73-43A0-ACC3-B9B81134F62E}.Ad-Hoc|iPhoneSimulator.Build.0 = Ad-Hoc|iPhoneSimulator
		{44E9AC3E-1F73-43A0-ACC3-B9B81134F62E}.AppStore|Any CPU.ActiveCfg = AppStore|iPhone
		{44E9AC3E-1F73-43A0-ACC3-B9B81134F62E}.AppStore|iPhone.ActiveCfg = AppStore|iPhone
		{44E9AC3E-1F73-43A0-ACC3-B9B81134F62E}.AppStore|iPhone.Build.0 = AppStore|iPhone
		{44E9AC3E-1F73-43A0-ACC3-B9B81134F62E}.AppStore|iPhoneSimulator.ActiveCfg = AppStore|iPhoneSimulator
		{44E9AC3E-1F73-43A0-ACC3-B9B81134F62E}.AppStore|iPhoneSimulator.Build.0 = AppStore|iPhoneSimulator
		{44E9AC3E-1F73-43A0-ACC3-B9B81134F62E}.Debug|Any CPU.ActiveCfg = Debug|iPhone
		{44E9AC3E-1F73-43A0-ACC3-B9B81134F62E}.Debug|iPhone.ActiveCfg = Debug|iPhone
		{44E9AC3E-1F73-43A0-ACC3-B9B81134F62E}.Debug|iPhone.Build.0 = Debug|iPhone
		{44E9AC3E-1F73-43A0-ACC3-B9B81134F62E}.Debug|iPhoneSimulator.ActiveCfg = Debug|iPhoneSimulator
		{44E9AC3E-1F73-43A0-ACC3-B9B81134F62E}.Debug|iPhoneSimulator.Build.0 = Debug|iPhoneSimulator
		{44E9AC3E-1F73-43A0-ACC3-B9B81134F62E}.Release|Any CPU.ActiveCfg = Release|iPhone
		{44E9AC3E-1F73-43A0-ACC3-B9B81134F62E}.Release|iPhone.ActiveCfg = Release|iPhone
		{44E9AC3E-1F73-43A0-ACC3-B9B81134F62E}.Release|iPhone.Build.0 = Release|iPhone
		{44E9AC3E-1F73-43A0-ACC3-B9B81134F62E}.Release|iPhoneSimulator.ActiveCfg = Release|iPhoneSimulator
		{44E9AC3E-1F73-43A0-ACC3-B9B81134F62E}.Release|iPhoneSimulator.Build.0 = Release|iPhoneSimulator
		{4C4ACD45-7721-478B-AB7D-021BF2A07950}.Ad-Hoc|Any CPU.ActiveCfg = Release|Any CPU
		{4C4ACD45-7721-478B-AB7D-021BF2A07950}.Ad-Hoc|Any CPU.Build.0 = Release|Any CPU
		{4C4ACD45-7721-478B-AB7D-021BF2A07950}.Ad-Hoc|Any CPU.Deploy.0 = Release|Any CPU
		{4C4ACD45-7721-478B-AB7D-021BF2A07950}.Ad-Hoc|iPhone.ActiveCfg = Release|Any CPU
		{4C4ACD45-7721-478B-AB7D-021BF2A07950}.Ad-Hoc|iPhone.Build.0 = Release|Any CPU
		{4C4ACD45-7721-478B-AB7D-021BF2A07950}.Ad-Hoc|iPhone.Deploy.0 = Release|Any CPU
		{4C4ACD45-7721-478B-AB7D-021BF2A07950}.Ad-Hoc|iPhoneSimulator.ActiveCfg = Release|Any CPU
		{4C4ACD45-7721-478B-AB7D-021BF2A07950}.Ad-Hoc|iPhoneSimulator.Build.0 = Release|Any CPU
		{4C4ACD45-7721-478B-AB7D-021BF2A07950}.Ad-Hoc|iPhoneSimulator.Deploy.0 = Release|Any CPU
		{4C4ACD45-7721-478B-AB7D-021BF2A07950}.AppStore|Any CPU.ActiveCfg = Release|Any CPU
		{4C4ACD45-7721-478B-AB7D-021BF2A07950}.AppStore|Any CPU.Build.0 = Release|Any CPU
		{4C4ACD45-7721-478B-AB7D-021BF2A07950}.AppStore|Any CPU.Deploy.0 = Release|Any CPU
		{4C4ACD45-7721-478B-AB7D-021BF2A07950}.AppStore|iPhone.ActiveCfg = Release|Any CPU
		{4C4ACD45-7721-478B-AB7D-021BF2A07950}.AppStore|iPhone.Build.0 = Release|Any CPU
		{4C4ACD45-7721-478B-AB7D-021BF2A07950}.AppStore|iPhone.Deploy.0 = Release|Any CPU
		{4C4ACD45-7721-478B-AB7D-021BF2A07950}.AppStore|iPhoneSimulator.ActiveCfg = Release|Any CPU
		{4C4ACD45-7721-478B-AB7D-021BF2A07950}.AppStore|iPhoneSimulator.Build.0 = Release|Any CPU
		{4C4ACD45-7721-478B-AB7D-021BF2A07950}.AppStore|iPhoneSimulator.Deploy.0 = Release|Any CPU
		{4C4ACD45-7721-478B-AB7D-021BF2A07950}.Debug|Any CPU.ActiveCfg = Debug|Any CPU
		{4C4ACD45-7721-478B-AB7D-021BF2A07950}.Debug|Any CPU.Build.0 = Debug|Any CPU
		{4C4ACD45-7721-478B-AB7D-021BF2A07950}.Debug|Any CPU.Deploy.0 = Debug|Any CPU
		{4C4ACD45-7721-478B-AB7D-021BF2A07950}.Debug|iPhone.ActiveCfg = Debug|Any CPU
		{4C4ACD45-7721-478B-AB7D-021BF2A07950}.Debug|iPhone.Build.0 = Debug|Any CPU
		{4C4ACD45-7721-478B-AB7D-021BF2A07950}.Debug|iPhone.Deploy.0 = Debug|Any CPU
		{4C4ACD45-7721-478B-AB7D-021BF2A07950}.Debug|iPhoneSimulator.ActiveCfg = Debug|Any CPU
		{4C4ACD45-7721-478B-AB7D-021BF2A07950}.Debug|iPhoneSimulator.Build.0 = Debug|Any CPU
		{4C4ACD45-7721-478B-AB7D-021BF2A07950}.Debug|iPhoneSimulator.Deploy.0 = Debug|Any CPU
		{4C4ACD45-7721-478B-AB7D-021BF2A07950}.Release|Any CPU.ActiveCfg = Release|Any CPU
		{4C4ACD45-7721-478B-AB7D-021BF2A07950}.Release|Any CPU.Build.0 = Release|Any CPU
		{4C4ACD45-7721-478B-AB7D-021BF2A07950}.Release|Any CPU.Deploy.0 = Release|Any CPU
		{4C4ACD45-7721-478B-AB7D-021BF2A07950}.Release|iPhone.ActiveCfg = Release|Any CPU
		{4C4ACD45-7721-478B-AB7D-021BF2A07950}.Release|iPhone.Build.0 = Release|Any CPU
		{4C4ACD45-7721-478B-AB7D-021BF2A07950}.Release|iPhone.Deploy.0 = Release|Any CPU
		{4C4ACD45-7721-478B-AB7D-021BF2A07950}.Release|iPhoneSimulator.ActiveCfg = Release|Any CPU
		{4C4ACD45-7721-478B-AB7D-021BF2A07950}.Release|iPhoneSimulator.Build.0 = Release|Any CPU
		{4C4ACD45-7721-478B-AB7D-021BF2A07950}.Release|iPhoneSimulator.Deploy.0 = Release|Any CPU
		{FEFC75E3-8891-4594-8970-0DD4E76C1331}.Ad-Hoc|Any CPU.ActiveCfg = Release|iPhone
		{FEFC75E3-8891-4594-8970-0DD4E76C1331}.Ad-Hoc|Any CPU.Build.0 = Release|iPhone
		{FEFC75E3-8891-4594-8970-0DD4E76C1331}.Ad-Hoc|iPhone.ActiveCfg = Release|iPhone
		{FEFC75E3-8891-4594-8970-0DD4E76C1331}.Ad-Hoc|iPhone.Build.0 = Release|iPhone
		{FEFC75E3-8891-4594-8970-0DD4E76C1331}.Ad-Hoc|iPhoneSimulator.ActiveCfg = Release|iPhoneSimulator
		{FEFC75E3-8891-4594-8970-0DD4E76C1331}.Ad-Hoc|iPhoneSimulator.Build.0 = Release|iPhoneSimulator
		{FEFC75E3-8891-4594-8970-0DD4E76C1331}.AppStore|Any CPU.ActiveCfg = Release|iPhone
		{FEFC75E3-8891-4594-8970-0DD4E76C1331}.AppStore|Any CPU.Build.0 = Release|iPhone
		{FEFC75E3-8891-4594-8970-0DD4E76C1331}.AppStore|iPhone.ActiveCfg = Release|iPhone
		{FEFC75E3-8891-4594-8970-0DD4E76C1331}.AppStore|iPhone.Build.0 = Release|iPhone
		{FEFC75E3-8891-4594-8970-0DD4E76C1331}.AppStore|iPhoneSimulator.ActiveCfg = Release|iPhoneSimulator
		{FEFC75E3-8891-4594-8970-0DD4E76C1331}.AppStore|iPhoneSimulator.Build.0 = Release|iPhoneSimulator
		{FEFC75E3-8891-4594-8970-0DD4E76C1331}.Debug|Any CPU.ActiveCfg = Debug|iPhone
		{FEFC75E3-8891-4594-8970-0DD4E76C1331}.Debug|iPhone.ActiveCfg = Debug|iPhone
		{FEFC75E3-8891-4594-8970-0DD4E76C1331}.Debug|iPhone.Build.0 = Debug|iPhone
		{FEFC75E3-8891-4594-8970-0DD4E76C1331}.Debug|iPhoneSimulator.ActiveCfg = Debug|iPhoneSimulator
		{FEFC75E3-8891-4594-8970-0DD4E76C1331}.Debug|iPhoneSimulator.Build.0 = Debug|iPhoneSimulator
		{FEFC75E3-8891-4594-8970-0DD4E76C1331}.Release|Any CPU.ActiveCfg = Release|iPhone
		{FEFC75E3-8891-4594-8970-0DD4E76C1331}.Release|iPhone.ActiveCfg = Release|iPhone
		{FEFC75E3-8891-4594-8970-0DD4E76C1331}.Release|iPhone.Build.0 = Release|iPhone
		{FEFC75E3-8891-4594-8970-0DD4E76C1331}.Release|iPhoneSimulator.ActiveCfg = Release|iPhoneSimulator
		{FEFC75E3-8891-4594-8970-0DD4E76C1331}.Release|iPhoneSimulator.Build.0 = Release|iPhoneSimulator
	EndGlobalSection
	GlobalSection(SolutionProperties) = preSolution
		HideSolutionNode = FALSE
	EndGlobalSection
	GlobalSection(ExtensibilityGlobals) = postSolution
		SolutionGuid = {472DDB15-5D63-406F-A947-849375CDF0F4}
	EndGlobalSection
EndGlobal
